
Microsoft Visual Studio Solution File, Format Version 12.00
# Visual Studio Version 16
VisualStudioVersion = 16.0.29009.5
MinimumVisualStudioVersion = 10.0.40219.1
Project("{FAE04EC0-301F-11D3-BF4B-00C04F79EFBC}") = "PurpleArt", "PurpleArt\PurpleArt.csproj", "{B4083D2F-D617-4B0B-8091-2C87497C1D6F}"
EndProject
Global
	GlobalSection(SolutionConfigurationPlatforms) = preSolution
		Debug|Any CPU = Debug|Any CPU
		Release|Any CPU = Release|Any CPU
	EndGlobalSection
	GlobalSection(ProjectConfigurationPlatforms) = postSolution
		{B4083D2F-D617-4B0B-8091-2C87497C1D6F}.Debug|Any CPU.ActiveCfg = Debug|Any CPU
		{B4083D2F-D617-4B0B-8091-2C87497C1D6F}.Debug|Any CPU.Build.0 = Debug|Any CPU
		{B4083D2F-D617-4B0B-8091-2C87497C1D6F}.Release|Any CPU.ActiveCfg = Release|Any CPU
		{B4083D2F-D617-4B0B-8091-2C87497C1D6F}.Release|Any CPU.Build.0 = Release|Any CPU
	EndGlobalSection
	GlobalSection(SolutionProperties) = preSolution
		HideSolutionNode = FALSE
	EndGlobalSection
	GlobalSection(ExtensibilityGlobals) = postSolution
		SolutionGuid = {0ECB4246-9DC1-4835-BEAF-727DF0F1E728}
	EndGlobalSection
EndGlobal
